// !$*UTF8*$!
{
	archiveVersion = 1;
	classes = {
	};
	objectVersion = 46;
	objects = {

/* Begin PBXBuildFile section */
		67A7E58E198FDB8C0010D50E /* CATransaction+SillyTransitions.m in Sources */ = {isa = PBXBuildFile; fileRef = 67A7E587198FDB8C0010D50E /* CATransaction+SillyTransitions.m */; };
		67A7E58F198FDB8C0010D50E /* UIBezierPath+SillyTransitions.m in Sources */ = {isa = PBXBuildFile; fileRef = 67A7E589198FDB8C0010D50E /* UIBezierPath+SillyTransitions.m */; };
		67A7E590198FDB8C0010D50E /* UIGestureRecognizer+SillyTransitions.m in Sources */ = {isa = PBXBuildFile; fileRef = 67A7E58B198FDB8C0010D50E /* UIGestureRecognizer+SillyTransitions.m */; };
		67A7E591198FDB8C0010D50E /* UIViewController+SillyTransitions.m in Sources */ = {isa = PBXBuildFile; fileRef = 67A7E58D198FDB8C0010D50E /* UIViewController+SillyTransitions.m */; };
		67A7E59C198FDB9A0010D50E /* _BKNFadeTransition.m in Sources */ = {isa = PBXBuildFile; fileRef = 67A7E593198FDB9A0010D50E /* _BKNFadeTransition.m */; };
		67A7E59D198FDB9A0010D50E /* _BKNFlipTransition.m in Sources */ = {isa = PBXBuildFile; fileRef = 67A7E595198FDB9A0010D50E /* _BKNFlipTransition.m */; };
		67A7E59E198FDB9A0010D50E /* _BKNStarTransition.m in Sources */ = {isa = PBXBuildFile; fileRef = 67A7E597198FDB9A0010D50E /* _BKNStarTransition.m */; };
		67A7E59F198FDB9A0010D50E /* BKNPercentDrivenInteractiveTransition.m in Sources */ = {isa = PBXBuildFile; fileRef = 67A7E599198FDB9A0010D50E /* BKNPercentDrivenInteractiveTransition.m */; };
		67A7E5A0198FDB9A0010D50E /* BKNTransitioningDelegate.m in Sources */ = {isa = PBXBuildFile; fileRef = 67A7E59B198FDB9A0010D50E /* BKNTransitioningDelegate.m */; };
		EBEBBA6B18F5B43A00323064 /* Foundation.framework in Frameworks */ = {isa = PBXBuildFile; fileRef = EBEBBA6A18F5B43A00323064 /* Foundation.framework */; };
		EBEBBA6D18F5B43A00323064 /* CoreGraphics.framework in Frameworks */ = {isa = PBXBuildFile; fileRef = EBEBBA6C18F5B43A00323064 /* CoreGraphics.framework */; };
		EBEBBA6F18F5B43A00323064 /* UIKit.framework in Frameworks */ = {isa = PBXBuildFile; fileRef = EBEBBA6E18F5B43A00323064 /* UIKit.framework */; };
		EBEBBA7518F5B43A00323064 /* InfoPlist.strings in Resources */ = {isa = PBXBuildFile; fileRef = EBEBBA7318F5B43A00323064 /* InfoPlist.strings */; };
		EBEBBA7718F5B43A00323064 /* main.m in Sources */ = {isa = PBXBuildFile; fileRef = EBEBBA7618F5B43A00323064 /* main.m */; };
		EBEBBA7B18F5B43A00323064 /* AppDelegate.m in Sources */ = {isa = PBXBuildFile; fileRef = EBEBBA7A18F5B43A00323064 /* AppDelegate.m */; };
		EBEBBA7E18F5B43A00323064 /* Main.storyboard in Resources */ = {isa = PBXBuildFile; fileRef = EBEBBA7C18F5B43A00323064 /* Main.storyboard */; };
		EBEBBA8118F5B43A00323064 /* ViewController.m in Sources */ = {isa = PBXBuildFile; fileRef = EBEBBA8018F5B43A00323064 /* ViewController.m */; };
		EBEBBA8318F5B43A00323064 /* Images.xcassets in Resources */ = {isa = PBXBuildFile; fileRef = EBEBBA8218F5B43A00323064 /* Images.xcassets */; };
		EBEBBA8A18F5B43A00323064 /* XCTest.framework in Frameworks */ = {isa = PBXBuildFile; fileRef = EBEBBA8918F5B43A00323064 /* XCTest.framework */; };
		EBEBBA8B18F5B43A00323064 /* Foundation.framework in Frameworks */ = {isa = PBXBuildFile; fileRef = EBEBBA6A18F5B43A00323064 /* Foundation.framework */; };
		EBEBBA8C18F5B43A00323064 /* UIKit.framework in Frameworks */ = {isa = PBXBuildFile; fileRef = EBEBBA6E18F5B43A00323064 /* UIKit.framework */; };
		EBEBBA9418F5B43A00323064 /* InfoPlist.strings in Resources */ = {isa = PBXBuildFile; fileRef = EBEBBA9218F5B43A00323064 /* InfoPlist.strings */; };
		EBEBBA9618F5B43A00323064 /* Silly_TransitionsTests.m in Sources */ = {isa = PBXBuildFile; fileRef = EBEBBA9518F5B43A00323064 /* Silly_TransitionsTests.m */; };
/* End PBXBuildFile section */

/* Begin PBXContainerItemProxy section */
		EBEBBA8D18F5B43A00323064 /* PBXContainerItemProxy */ = {
			isa = PBXContainerItemProxy;
			containerPortal = EBEBBA5F18F5B43A00323064 /* Project object */;
			proxyType = 1;
			remoteGlobalIDString = EBEBBA6618F5B43A00323064;
			remoteInfo = "Silly Transitions";
		};
/* End PBXContainerItemProxy section */

/* Begin PBXFileReference section */
		67A7E586198FDB8C0010D50E /* CATransaction+SillyTransitions.h */ = {isa = PBXFileReference; fileEncoding = 4; lastKnownFileType = sourcecode.c.h; name = "CATransaction+SillyTransitions.h"; path = "Source/CATransaction+SillyTransitions.h"; sourceTree = "<group>"; };
		67A7E587198FDB8C0010D50E /* CATransaction+SillyTransitions.m */ = {isa = PBXFileReference; fileEncoding = 4; lastKnownFileType = sourcecode.c.objc; name = "CATransaction+SillyTransitions.m"; path = "Source/CATransaction+SillyTransitions.m"; sourceTree = "<group>"; };
		67A7E588198FDB8C0010D50E /* UIBezierPath+SillyTransitions.h */ = {isa = PBXFileReference; fileEncoding = 4; lastKnownFileType = sourcecode.c.h; name = "UIBezierPath+SillyTransitions.h"; path = "Source/UIBezierPath+SillyTransitions.h"; sourceTree = "<group>"; };
		67A7E589198FDB8C0010D50E /* UIBezierPath+SillyTransitions.m */ = {isa = PBXFileReference; fileEncoding = 4; lastKnownFileType = sourcecode.c.objc; name = "UIBezierPath+SillyTransitions.m"; path = "Source/UIBezierPath+SillyTransitions.m"; sourceTree = "<group>"; };
		67A7E58A198FDB8C0010D50E /* UIGestureRecognizer+SillyTransitions.h */ = {isa = PBXFileReference; fileEncoding = 4; lastKnownFileType = sourcecode.c.h; name = "UIGestureRecognizer+SillyTransitions.h"; path = "Source/UIGestureRecognizer+SillyTransitions.h"; sourceTree = "<group>"; };
		67A7E58B198FDB8C0010D50E /* UIGestureRecognizer+SillyTransitions.m */ = {isa = PBXFileReference; fileEncoding = 4; lastKnownFileType = sourcecode.c.objc; name = "UIGestureRecognizer+SillyTransitions.m"; path = "Source/UIGestureRecognizer+SillyTransitions.m"; sourceTree = "<group>"; };
		67A7E58C198FDB8C0010D50E /* UIViewController+SillyTransitions.h */ = {isa = PBXFileReference; fileEncoding = 4; lastKnownFileType = sourcecode.c.h; name = "UIViewController+SillyTransitions.h"; path = "Source/UIViewController+SillyTransitions.h"; sourceTree = "<group>"; };
		67A7E58D198FDB8C0010D50E /* UIViewController+SillyTransitions.m */ = {isa = PBXFileReference; fileEncoding = 4; lastKnownFileType = sourcecode.c.objc; name = "UIViewController+SillyTransitions.m"; path = "Source/UIViewController+SillyTransitions.m"; sourceTree = "<group>"; };
		67A7E592198FDB9A0010D50E /* _BKNFadeTransition.h */ = {isa = PBXFileReference; fileEncoding = 4; lastKnownFileType = sourcecode.c.h; name = _BKNFadeTransition.h; path = Source/_BKNFadeTransition.h; sourceTree = "<group>"; };
		67A7E593198FDB9A0010D50E /* _BKNFadeTransition.m */ = {isa = PBXFileReference; fileEncoding = 4; lastKnownFileType = sourcecode.c.objc; name = _BKNFadeTransition.m; path = Source/_BKNFadeTransition.m; sourceTree = "<group>"; };
		67A7E594198FDB9A0010D50E /* _BKNFlipTransition.h */ = {isa = PBXFileReference; fileEncoding = 4; lastKnownFileType = sourcecode.c.h; name = _BKNFlipTransition.h; path = Source/_BKNFlipTransition.h; sourceTree = "<group>"; };
		67A7E595198FDB9A0010D50E /* _BKNFlipTransition.m */ = {isa = PBXFileReference; fileEncoding = 4; lastKnownFileType = sourcecode.c.objc; name = _BKNFlipTransition.m; path = Source/_BKNFlipTransition.m; sourceTree = "<group>"; };
		67A7E596198FDB9A0010D50E /* _BKNStarTransition.h */ = {isa = PBXFileReference; fileEncoding = 4; lastKnownFileType = sourcecode.c.h; name = _BKNStarTransition.h; path = Source/_BKNStarTransition.h; sourceTree = "<group>"; };
		67A7E597198FDB9A0010D50E /* _BKNStarTransition.m */ = {isa = PBXFileReference; fileEncoding = 4; lastKnownFileType = sourcecode.c.objc; name = _BKNStarTransition.m; path = Source/_BKNStarTransition.m; sourceTree = "<group>"; };
		67A7E598198FDB9A0010D50E /* BKNPercentDrivenInteractiveTransition.h */ = {isa = PBXFileReference; fileEncoding = 4; lastKnownFileType = sourcecode.c.h; name = BKNPercentDrivenInteractiveTransition.h; path = Source/BKNPercentDrivenInteractiveTransition.h; sourceTree = "<group>"; };
		67A7E599198FDB9A0010D50E /* BKNPercentDrivenInteractiveTransition.m */ = {isa = PBXFileReference; fileEncoding = 4; lastKnownFileType = sourcecode.c.objc; name = BKNPercentDrivenInteractiveTransition.m; path = Source/BKNPercentDrivenInteractiveTransition.m; sourceTree = "<group>"; };
		67A7E59A198FDB9A0010D50E /* BKNTransitioningDelegate.h */ = {isa = PBXFileReference; fileEncoding = 4; lastKnownFileType = sourcecode.c.h; name = BKNTransitioningDelegate.h; path = Source/BKNTransitioningDelegate.h; sourceTree = "<group>"; };
		67A7E59B198FDB9A0010D50E /* BKNTransitioningDelegate.m */ = {isa = PBXFileReference; fileEncoding = 4; lastKnownFileType = sourcecode.c.objc; name = BKNTransitioningDelegate.m; path = Source/BKNTransitioningDelegate.m; sourceTree = "<group>"; };
		EBEBBA6718F5B43A00323064 /* Silly Transitions.app */ = {isa = PBXFileReference; explicitFileType = wrapper.application; includeInIndex = 0; path = "Silly Transitions.app"; sourceTree = BUILT_PRODUCTS_DIR; };
		EBEBBA6A18F5B43A00323064 /* Foundation.framework */ = {isa = PBXFileReference; lastKnownFileType = wrapper.framework; name = Foundation.framework; path = System/Library/Frameworks/Foundation.framework; sourceTree = SDKROOT; };
		EBEBBA6C18F5B43A00323064 /* CoreGraphics.framework */ = {isa = PBXFileReference; lastKnownFileType = wrapper.framework; name = CoreGraphics.framework; path = System/Library/Frameworks/CoreGraphics.framework; sourceTree = SDKROOT; };
		EBEBBA6E18F5B43A00323064 /* UIKit.framework */ = {isa = PBXFileReference; lastKnownFileType = wrapper.framework; name = UIKit.framework; path = System/Library/Frameworks/UIKit.framework; sourceTree = SDKROOT; };
		EBEBBA7218F5B43A00323064 /* Silly Transitions-Info.plist */ = {isa = PBXFileReference; lastKnownFileType = text.plist.xml; path = "Silly Transitions-Info.plist"; sourceTree = "<group>"; };
		EBEBBA7418F5B43A00323064 /* en */ = {isa = PBXFileReference; lastKnownFileType = text.plist.strings; name = en; path = en.lproj/InfoPlist.strings; sourceTree = "<group>"; };
		EBEBBA7618F5B43A00323064 /* main.m */ = {isa = PBXFileReference; lastKnownFileType = sourcecode.c.objc; path = main.m; sourceTree = "<group>"; };
		EBEBBA7818F5B43A00323064 /* Silly Transitions-Prefix.pch */ = {isa = PBXFileReference; lastKnownFileType = sourcecode.c.h; path = "Silly Transitions-Prefix.pch"; sourceTree = "<group>"; };
		EBEBBA7918F5B43A00323064 /* AppDelegate.h */ = {isa = PBXFileReference; lastKnownFileType = sourcecode.c.h; path = AppDelegate.h; sourceTree = "<group>"; };
		EBEBBA7A18F5B43A00323064 /* AppDelegate.m */ = {isa = PBXFileReference; lastKnownFileType = sourcecode.c.objc; path = AppDelegate.m; sourceTree = "<group>"; };
		EBEBBA7D18F5B43A00323064 /* Base */ = {isa = PBXFileReference; lastKnownFileType = file.storyboard; name = Base; path = Base.lproj/Main.storyboard; sourceTree = "<group>"; };
		EBEBBA7F18F5B43A00323064 /* ViewController.h */ = {isa = PBXFileReference; lastKnownFileType = sourcecode.c.h; path = ViewController.h; sourceTree = "<group>"; };
		EBEBBA8018F5B43A00323064 /* ViewController.m */ = {isa = PBXFileReference; lastKnownFileType = sourcecode.c.objc; path = ViewController.m; sourceTree = "<group>"; };
		EBEBBA8218F5B43A00323064 /* Images.xcassets */ = {isa = PBXFileReference; lastKnownFileType = folder.assetcatalog; path = Images.xcassets; sourceTree = "<group>"; };
		EBEBBA8818F5B43A00323064 /* Silly TransitionsTests.xctest */ = {isa = PBXFileReference; explicitFileType = wrapper.cfbundle; includeInIndex = 0; path = "Silly TransitionsTests.xctest"; sourceTree = BUILT_PRODUCTS_DIR; };
		EBEBBA8918F5B43A00323064 /* XCTest.framework */ = {isa = PBXFileReference; lastKnownFileType = wrapper.framework; name = XCTest.framework; path = Library/Frameworks/XCTest.framework; sourceTree = DEVELOPER_DIR; };
		EBEBBA9118F5B43A00323064 /* Silly TransitionsTests-Info.plist */ = {isa = PBXFileReference; lastKnownFileType = text.plist.xml; path = "Silly TransitionsTests-Info.plist"; sourceTree = "<group>"; };
		EBEBBA9318F5B43A00323064 /* en */ = {isa = PBXFileReference; lastKnownFileType = text.plist.strings; name = en; path = en.lproj/InfoPlist.strings; sourceTree = "<group>"; };
		EBEBBA9518F5B43A00323064 /* Silly_TransitionsTests.m */ = {isa = PBXFileReference; lastKnownFileType = sourcecode.c.objc; path = Silly_TransitionsTests.m; sourceTree = "<group>"; };
/* End PBXFileReference section */

/* Begin PBXFrameworksBuildPhase section */
		EBEBBA6418F5B43A00323064 /* Frameworks */ = {
			isa = PBXFrameworksBuildPhase;
			buildActionMask = 2147483647;
			files = (
				EBEBBA6D18F5B43A00323064 /* CoreGraphics.framework in Frameworks */,
				EBEBBA6F18F5B43A00323064 /* UIKit.framework in Frameworks */,
				EBEBBA6B18F5B43A00323064 /* Foundation.framework in Frameworks */,
			);
			runOnlyForDeploymentPostprocessing = 0;
		};
		EBEBBA8518F5B43A00323064 /* Frameworks */ = {
			isa = PBXFrameworksBuildPhase;
			buildActionMask = 2147483647;
			files = (
				EBEBBA8A18F5B43A00323064 /* XCTest.framework in Frameworks */,
				EBEBBA8C18F5B43A00323064 /* UIKit.framework in Frameworks */,
				EBEBBA8B18F5B43A00323064 /* Foundation.framework in Frameworks */,
			);
			runOnlyForDeploymentPostprocessing = 0;
		};
/* End PBXFrameworksBuildPhase section */

/* Begin PBXGroup section */
		EBB01E6318F7550C00212BF0 /* Demo */ = {
			isa = PBXGroup;
			children = (
				EBEBBA7918F5B43A00323064 /* AppDelegate.h */,
				EBEBBA7A18F5B43A00323064 /* AppDelegate.m */,
				EBEBBA7C18F5B43A00323064 /* Main.storyboard */,
				EBEBBA7F18F5B43A00323064 /* ViewController.h */,
				EBEBBA8018F5B43A00323064 /* ViewController.m */,
				EBEBBA8218F5B43A00323064 /* Images.xcassets */,
				EBEBBA7118F5B43A00323064 /* Supporting Files */,
			);
			name = Demo;
			sourceTree = "<group>";
		};
		EBB01E6418F7553000212BF0 /* Private Use Categories */ = {
			isa = PBXGroup;
			children = (
				67A7E586198FDB8C0010D50E /* CATransaction+SillyTransitions.h */,
				67A7E587198FDB8C0010D50E /* CATransaction+SillyTransitions.m */,
				67A7E588198FDB8C0010D50E /* UIBezierPath+SillyTransitions.h */,
				67A7E589198FDB8C0010D50E /* UIBezierPath+SillyTransitions.m */,
				67A7E58A198FDB8C0010D50E /* UIGestureRecognizer+SillyTransitions.h */,
				67A7E58B198FDB8C0010D50E /* UIGestureRecognizer+SillyTransitions.m */,
				67A7E58C198FDB8C0010D50E /* UIViewController+SillyTransitions.h */,
				67A7E58D198FDB8C0010D50E /* UIViewController+SillyTransitions.m */,
			);
			name = "Private Use Categories";
			sourceTree = "<group>";
		};
		EBB01E6518F7556800212BF0 /* Transitions */ = {
			isa = PBXGroup;
			children = (
				67A7E592198FDB9A0010D50E /* _BKNFadeTransition.h */,
				67A7E593198FDB9A0010D50E /* _BKNFadeTransition.m */,
				67A7E594198FDB9A0010D50E /* _BKNFlipTransition.h */,
				67A7E595198FDB9A0010D50E /* _BKNFlipTransition.m */,
				67A7E596198FDB9A0010D50E /* _BKNStarTransition.h */,
				67A7E597198FDB9A0010D50E /* _BKNStarTransition.m */,
				67A7E598198FDB9A0010D50E /* BKNPercentDrivenInteractiveTransition.h */,
				67A7E599198FDB9A0010D50E /* BKNPercentDrivenInteractiveTransition.m */,
				67A7E59A198FDB9A0010D50E /* BKNTransitioningDelegate.h */,
				67A7E59B198FDB9A0010D50E /* BKNTransitioningDelegate.m */,
			);
			name = Transitions;
			sourceTree = "<group>";
		};
		EBEBBA5E18F5B43A00323064 = {
			isa = PBXGroup;
			children = (
				EBEBBA7018F5B43A00323064 /* Silly Transitions */,
				EBEBBA8F18F5B43A00323064 /* Silly TransitionsTests */,
				EBEBBA6918F5B43A00323064 /* Frameworks */,
				EBEBBA6818F5B43A00323064 /* Products */,
			);
			sourceTree = "<group>";
		};
		EBEBBA6818F5B43A00323064 /* Products */ = {
			isa = PBXGroup;
			children = (
				EBEBBA6718F5B43A00323064 /* Silly Transitions.app */,
				EBEBBA8818F5B43A00323064 /* Silly TransitionsTests.xctest */,
			);
			name = Products;
			sourceTree = "<group>";
		};
		EBEBBA6918F5B43A00323064 /* Frameworks */ = {
			isa = PBXGroup;
			children = (
				EBEBBA6A18F5B43A00323064 /* Foundation.framework */,
				EBEBBA6C18F5B43A00323064 /* CoreGraphics.framework */,
				EBEBBA6E18F5B43A00323064 /* UIKit.framework */,
				EBEBBA8918F5B43A00323064 /* XCTest.framework */,
			);
			name = Frameworks;
			sourceTree = "<group>";
		};
		EBEBBA7018F5B43A00323064 /* Silly Transitions */ = {
			isa = PBXGroup;
			children = (
				EBB01E6318F7550C00212BF0 /* Demo */,
				EBB01E6418F7553000212BF0 /* Private Use Categories */,
				EBB01E6518F7556800212BF0 /* Transitions */,
			);
			path = "Silly Transitions";
			sourceTree = "<group>";
		};
		EBEBBA7118F5B43A00323064 /* Supporting Files */ = {
			isa = PBXGroup;
			children = (
				EBEBBA7218F5B43A00323064 /* Silly Transitions-Info.plist */,
				EBEBBA7318F5B43A00323064 /* InfoPlist.strings */,
				EBEBBA7618F5B43A00323064 /* main.m */,
				EBEBBA7818F5B43A00323064 /* Silly Transitions-Prefix.pch */,
			);
			name = "Supporting Files";
			sourceTree = "<group>";
		};
		EBEBBA8F18F5B43A00323064 /* Silly TransitionsTests */ = {
			isa = PBXGroup;
			children = (
				EBEBBA9518F5B43A00323064 /* Silly_TransitionsTests.m */,
				EBEBBA9018F5B43A00323064 /* Supporting Files */,
			);
			path = "Silly TransitionsTests";
			sourceTree = "<group>";
		};
		EBEBBA9018F5B43A00323064 /* Supporting Files */ = {
			isa = PBXGroup;
			children = (
				EBEBBA9118F5B43A00323064 /* Silly TransitionsTests-Info.plist */,
				EBEBBA9218F5B43A00323064 /* InfoPlist.strings */,
			);
			name = "Supporting Files";
			sourceTree = "<group>";
		};
/* End PBXGroup section */

/* Begin PBXNativeTarget section */
		EBEBBA6618F5B43A00323064 /* Silly Transitions */ = {
			isa = PBXNativeTarget;
			buildConfigurationList = EBEBBA9918F5B43A00323064 /* Build configuration list for PBXNativeTarget "Silly Transitions" */;
			buildPhases = (
				EBEBBA6318F5B43A00323064 /* Sources */,
				EBEBBA6418F5B43A00323064 /* Frameworks */,
				EBEBBA6518F5B43A00323064 /* Resources */,
			);
			buildRules = (
			);
			dependencies = (
			);
			name = "Silly Transitions";
			productName = "Silly Transitions";
			productReference = EBEBBA6718F5B43A00323064 /* Silly Transitions.app */;
			productType = "com.apple.product-type.application";
		};
		EBEBBA8718F5B43A00323064 /* Silly TransitionsTests */ = {
			isa = PBXNativeTarget;
			buildConfigurationList = EBEBBA9C18F5B43A00323064 /* Build configuration list for PBXNativeTarget "Silly TransitionsTests" */;
			buildPhases = (
				EBEBBA8418F5B43A00323064 /* Sources */,
				EBEBBA8518F5B43A00323064 /* Frameworks */,
				EBEBBA8618F5B43A00323064 /* Resources */,
			);
			buildRules = (
			);
			dependencies = (
				EBEBBA8E18F5B43A00323064 /* PBXTargetDependency */,
			);
			name = "Silly TransitionsTests";
			productName = "Silly TransitionsTests";
			productReference = EBEBBA8818F5B43A00323064 /* Silly TransitionsTests.xctest */;
			productType = "com.apple.product-type.bundle.unit-test";
		};
/* End PBXNativeTarget section */

/* Begin PBXProject section */
		EBEBBA5F18F5B43A00323064 /* Project object */ = {
			isa = PBXProject;
			attributes = {
				LastUpgradeCheck = 0510;
				ORGANIZATIONNAME = "Brian Nickel";
				TargetAttributes = {
					EBEBBA8718F5B43A00323064 = {
						TestTargetID = EBEBBA6618F5B43A00323064;
					};
				};
			};
			buildConfigurationList = EBEBBA6218F5B43A00323064 /* Build configuration list for PBXProject "Silly Transitions" */;
			compatibilityVersion = "Xcode 3.2";
			developmentRegion = English;
			hasScannedForEncodings = 0;
			knownRegions = (
				en,
				Base,
			);
			mainGroup = EBEBBA5E18F5B43A00323064;
			productRefGroup = EBEBBA6818F5B43A00323064 /* Products */;
			projectDirPath = "";
			projectRoot = "";
			targets = (
				EBEBBA6618F5B43A00323064 /* Silly Transitions */,
				EBEBBA8718F5B43A00323064 /* Silly TransitionsTests */,
			);
		};
/* End PBXProject section */

/* Begin PBXResourcesBuildPhase section */
		EBEBBA6518F5B43A00323064 /* Resources */ = {
			isa = PBXResourcesBuildPhase;
			buildActionMask = 2147483647;
			files = (
				EBEBBA8318F5B43A00323064 /* Images.xcassets in Resources */,
				EBEBBA7518F5B43A00323064 /* InfoPlist.strings in Resources */,
				EBEBBA7E18F5B43A00323064 /* Main.storyboard in Resources */,
			);
			runOnlyForDeploymentPostprocessing = 0;
		};
		EBEBBA8618F5B43A00323064 /* Resources */ = {
			isa = PBXResourcesBuildPhase;
			buildActionMask = 2147483647;
			files = (
				EBEBBA9418F5B43A00323064 /* InfoPlist.strings in Resources */,
			);
			runOnlyForDeploymentPostprocessing = 0;
		};
/* End PBXResourcesBuildPhase section */

/* Begin PBXSourcesBuildPhase section */
		EBEBBA6318F5B43A00323064 /* Sources */ = {
			isa = PBXSourcesBuildPhase;
			buildActionMask = 2147483647;
			files = (
				67A7E59C198FDB9A0010D50E /* _BKNFadeTransition.m in Sources */,
				67A7E59D198FDB9A0010D50E /* _BKNFlipTransition.m in Sources */,
				67A7E590198FDB8C0010D50E /* UIGestureRecognizer+SillyTransitions.m in Sources */,
				67A7E5A0198FDB9A0010D50E /* BKNTransitioningDelegate.m in Sources */,
				EBEBBA8118F5B43A00323064 /* ViewController.m in Sources */,
				67A7E59E198FDB9A0010D50E /* _BKNStarTransition.m in Sources */,
				EBEBBA7B18F5B43A00323064 /* AppDelegate.m in Sources */,
				67A7E58F198FDB8C0010D50E /* UIBezierPath+SillyTransitions.m in Sources */,
				67A7E58E198FDB8C0010D50E /* CATransaction+SillyTransitions.m in Sources */,
				EBEBBA7718F5B43A00323064 /* main.m in Sources */,
				67A7E59F198FDB9A0010D50E /* BKNPercentDrivenInteractiveTransition.m in Sources */,
				67A7E591198FDB8C0010D50E /* UIViewController+SillyTransitions.m in Sources */,
			);
			runOnlyForDeploymentPostprocessing = 0;
		};
		EBEBBA8418F5B43A00323064 /* Sources */ = {
			isa = PBXSourcesBuildPhase;
			buildActionMask = 2147483647;
			files = (
				EBEBBA9618F5B43A00323064 /* Silly_TransitionsTests.m in Sources */,
			);
			runOnlyForDeploymentPostprocessing = 0;
		};
/* End PBXSourcesBuildPhase section */

/* Begin PBXTargetDependency section */
		EBEBBA8E18F5B43A00323064 /* PBXTargetDependency */ = {
			isa = PBXTargetDependency;
			target = EBEBBA6618F5B43A00323064 /* Silly Transitions */;
			targetProxy = EBEBBA8D18F5B43A00323064 /* PBXContainerItemProxy */;
		};
/* End PBXTargetDependency section */

/* Begin PBXVariantGroup section */
		EBEBBA7318F5B43A00323064 /* InfoPlist.strings */ = {
			isa = PBXVariantGroup;
			children = (
				EBEBBA7418F5B43A00323064 /* en */,
			);
			name = InfoPlist.strings;
			sourceTree = "<group>";
		};
		EBEBBA7C18F5B43A00323064 /* Main.storyboard */ = {
			isa = PBXVariantGroup;
			children = (
				EBEBBA7D18F5B43A00323064 /* Base */,
			);
			name = Main.storyboard;
			sourceTree = "<group>";
		};
		EBEBBA9218F5B43A00323064 /* InfoPlist.strings */ = {
			isa = PBXVariantGroup;
			children = (
				EBEBBA9318F5B43A00323064 /* en */,
			);
			name = InfoPlist.strings;
			sourceTree = "<group>";
		};
/* End PBXVariantGroup section */

/* Begin XCBuildConfiguration section */
		EBEBBA9718F5B43A00323064 /* Debug */ = {
			isa = XCBuildConfiguration;
			buildSettings = {
				ALWAYS_SEARCH_USER_PATHS = NO;
				CLANG_CXX_LANGUAGE_STANDARD = "gnu++0x";
				CLANG_CXX_LIBRARY = "libc++";
				CLANG_ENABLE_MODULES = YES;
				CLANG_ENABLE_OBJC_ARC = YES;
				CLANG_WARN_BOOL_CONVERSION = YES;
				CLANG_WARN_CONSTANT_CONVERSION = YES;
				CLANG_WARN_DIRECT_OBJC_ISA_USAGE = YES_ERROR;
				CLANG_WARN_EMPTY_BODY = YES;
				CLANG_WARN_ENUM_CONVERSION = YES;
				CLANG_WARN_INT_CONVERSION = YES;
				CLANG_WARN_OBJC_ROOT_CLASS = YES_ERROR;
				CLANG_WARN__DUPLICATE_METHOD_MATCH = YES;
				"CODE_SIGN_IDENTITY[sdk=iphoneos*]" = "iPhone Developer";
				COPY_PHASE_STRIP = NO;
				GCC_C_LANGUAGE_STANDARD = gnu99;
				GCC_DYNAMIC_NO_PIC = NO;
				GCC_OPTIMIZATION_LEVEL = 0;
				GCC_PREPROCESSOR_DEFINITIONS = (
					"DEBUG=1",
					"$(inherited)",
				);
				GCC_SYMBOLS_PRIVATE_EXTERN = NO;
				GCC_WARN_64_TO_32_BIT_CONVERSION = YES;
				GCC_WARN_ABOUT_RETURN_TYPE = YES_ERROR;
				GCC_WARN_UNDECLARED_SELECTOR = YES;
				GCC_WARN_UNINITIALIZED_AUTOS = YES_AGGRESSIVE;
				GCC_WARN_UNUSED_FUNCTION = YES;
				GCC_WARN_UNUSED_VARIABLE = YES;
				IPHONEOS_DEPLOYMENT_TARGET = 7.1;
				ONLY_ACTIVE_ARCH = YES;
				SDKROOT = iphoneos;
			};
			name = Debug;
		};
		EBEBBA9818F5B43A00323064 /* Release */ = {
			isa = XCBuildConfiguration;
			buildSettings = {
				ALWAYS_SEARCH_USER_PATHS = NO;
				CLANG_CXX_LANGUAGE_STANDARD = "gnu++0x";
				CLANG_CXX_LIBRARY = "libc++";
				CLANG_ENABLE_MODULES = YES;
				CLANG_ENABLE_OBJC_ARC = YES;
				CLANG_WARN_BOOL_CONVERSION = YES;
				CLANG_WARN_CONSTANT_CONVERSION = YES;
				CLANG_WARN_DIRECT_OBJC_ISA_USAGE = YES_ERROR;
				CLANG_WARN_EMPTY_BODY = YES;
				CLANG_WARN_ENUM_CONVERSION = YES;
				CLANG_WARN_INT_CONVERSION = YES;
				CLANG_WARN_OBJC_ROOT_CLASS = YES_ERROR;
				CLANG_WARN__DUPLICATE_METHOD_MATCH = YES;
				"CODE_SIGN_IDENTITY[sdk=iphoneos*]" = "iPhone Developer";
				COPY_PHASE_STRIP = YES;
				ENABLE_NS_ASSERTIONS = NO;
				GCC_C_LANGUAGE_STANDARD = gnu99;
				GCC_WARN_64_TO_32_BIT_CONVERSION = YES;
				GCC_WARN_ABOUT_RETURN_TYPE = YES_ERROR;
				GCC_WARN_UNDECLARED_SELECTOR = YES;
				GCC_WARN_UNINITIALIZED_AUTOS = YES_AGGRESSIVE;
				GCC_WARN_UNUSED_FUNCTION = YES;
				GCC_WARN_UNUSED_VARIABLE = YES;
				IPHONEOS_DEPLOYMENT_TARGET = 7.1;
				SDKROOT = iphoneos;
				VALIDATE_PRODUCT = YES;
			};
			name = Release;
		};
		EBEBBA9A18F5B43A00323064 /* Debug */ = {
			isa = XCBuildConfiguration;
			buildSettings = {
				ASSETCATALOG_COMPILER_APPICON_NAME = AppIcon;
				ASSETCATALOG_COMPILER_LAUNCHIMAGE_NAME = LaunchImage;
				GCC_PRECOMPILE_PREFIX_HEADER = YES;
				GCC_PREFIX_HEADER = "Silly Transitions/Silly Transitions-Prefix.pch";
				INFOPLIST_FILE = "Silly Transitions/Silly Transitions-Info.plist";
				PRODUCT_NAME = "$(TARGET_NAME)";
				WRAPPER_EXTENSION = app;
			};
			name = Debug;
		};
		EBEBBA9B18F5B43A00323064 /* Release */ = {
			isa = XCBuildConfiguration;
			buildSettings = {
				ASSETCATALOG_COMPILER_APPICON_NAME = AppIcon;
				ASSETCATALOG_COMPILER_LAUNCHIMAGE_NAME = LaunchImage;
				GCC_PRECOMPILE_PREFIX_HEADER = YES;
				GCC_PREFIX_HEADER = "Silly Transitions/Silly Transitions-Prefix.pch";
				INFOPLIST_FILE = "Silly Transitions/Silly Transitions-Info.plist";
				PRODUCT_NAME = "$(TARGET_NAME)";
				WRAPPER_EXTENSION = app;
			};
			name = Release;
		};
		EBEBBA9D18F5B43A00323064 /* Debug */ = {
			isa = XCBuildConfiguration;
			buildSettings = {
				BUNDLE_LOADER = "$(BUILT_PRODUCTS_DIR)/Silly Transitions.app/Silly Transitions";
				FRAMEWORK_SEARCH_PATHS = (
					"$(SDKROOT)/Developer/Library/Frameworks",
					"$(inherited)",
					"$(DEVELOPER_FRAMEWORKS_DIR)",
				);
				GCC_PRECOMPILE_PREFIX_HEADER = YES;
				GCC_PREFIX_HEADER = "Silly Transitions/Silly Transitions-Prefix.pch";
				GCC_PREPROCESSOR_DEFINITIONS = (
					"DEBUG=1",
					"$(inherited)",
				);
				INFOPLIST_FILE = "Silly TransitionsTests/Silly TransitionsTests-Info.plist";
				PRODUCT_NAME = "$(TARGET_NAME)";
				TEST_HOST = "$(BUNDLE_LOADER)";
				WRAPPER_EXTENSION = xctest;
			};
			name = Debug;
		};
		EBEBBA9E18F5B43A00323064 /* Release */ = {
			isa = XCBuildConfiguration;
			buildSettings = {
				BUNDLE_LOADER = "$(BUILT_PRODUCTS_DIR)/Silly Transitions.app/Silly Transitions";
				FRAMEWORK_SEARCH_PATHS = (
					"$(SDKROOT)/Developer/Library/Frameworks",
					"$(inherited)",
					"$(DEVELOPER_FRAMEWORKS_DIR)",
				);
				GCC_PRECOMPILE_PREFIX_HEADER = YES;
				GCC_PREFIX_HEADER = "Silly Transitions/Silly Transitions-Prefix.pch";
				INFOPLIST_FILE = "Silly TransitionsTests/Silly TransitionsTests-Info.plist";
				PRODUCT_NAME = "$(TARGET_NAME)";
				TEST_HOST = "$(BUNDLE_LOADER)";
				WRAPPER_EXTENSION = xctest;
			};
			name = Release;
		};
/* End XCBuildConfiguration section */

/* Begin XCConfigurationList section */
		EBEBBA6218F5B43A00323064 /* Build configuration list for PBXProject "Silly Transitions" */ = {
			isa = XCConfigurationList;
			buildConfigurations = (
				EBEBBA9718F5B43A00323064 /* Debug */,
				EBEBBA9818F5B43A00323064 /* Release */,
			);
			defaultConfigurationIsVisible = 0;
			defaultConfigurationName = Release;
		};
		EBEBBA9918F5B43A00323064 /* Build configuration list for PBXNativeTarget "Silly Transitions" */ = {
			isa = XCConfigurationList;
			buildConfigurations = (
				EBEBBA9A18F5B43A00323064 /* Debug */,
				EBEBBA9B18F5B43A00323064 /* Release */,
			);
			defaultConfigurationIsVisible = 0;
			defaultConfigurationName = Release;
		};
		EBEBBA9C18F5B43A00323064 /* Build configuration list for PBXNativeTarget "Silly TransitionsTests" */ = {
			isa = XCConfigurationList;
			buildConfigurations = (
				EBEBBA9D18F5B43A00323064 /* Debug */,
				EBEBBA9E18F5B43A00323064 /* Release */,
			);
			defaultConfigurationIsVisible = 0;
			defaultConfigurationName = Release;
		};
/* End XCConfigurationList section */
	};
	rootObject = EBEBBA5F18F5B43A00323064 /* Project object */;
}
